PODS:
  - Alamofire (4.8.2)
  - SVProgressHUD (2.2.5)
  - SwiftGen (6.0.2)
  - SwiftLint (0.27.0)
  - SwiftyGif (5.1.1)

DEPENDENCIES:
  - Alamofire
  - SVProgressHUD
  - SwiftGen (= 6.0.2)
  - SwiftLint (= 0.27.0)
  - SwiftyGif

SPEC REPOS:
  https://github.com/cocoapods/specs.git:
    - Alamofire
    - SVProgressHUD
    - SwiftGen
    - SwiftLint
    - SwiftyGif

SPEC CHECKSUMS:
  Alamofire: ae5c501addb7afdbb13687d7f2f722c78734c2d3
  SVProgressHUD: 1428aafac632c1f86f62aa4243ec12008d7a51d6
  SwiftGen: e5b047067aa84082826a0c4f1c4c2ddc95bcf74c
  SwiftLint: 3207c1faa2240bf8973b191820a116113cd11073
  SwiftyGif: f7702483db93586a41f04f4927cd682852a2fa10

PODFILE CHECKSUM: b640b5f55115709564924f6b852b5dfa4e35f05e

COCOAPODS: 1.7.1
