PODS:
  - SVProgressHUD (2.2.5)
  - SwiftGen (6.1.0)
  - SwiftLint (0.31.0)

DEPENDENCIES:
  - SVProgressHUD
  - SwiftGen
  - SwiftLint

SPEC REPOS:
  https://github.com/cocoapods/specs.git:
    - SVProgressHUD
    - SwiftGen
    - SwiftLint

SPEC CHECKSUMS:
  SVProgressHUD: 1428aafac632c1f86f62aa4243ec12008d7a51d6
  SwiftGen: f872ca75cbd17bf7103c17f13dcfa0d9a15667b0
  SwiftLint: 7a0227733d786395817373b2d0ca799fd0093ff3

PODFILE CHECKSUM: 6b7a83957a96ab7e64641e235f47b5ba3273d509

COCOAPODS: 1.5.3
